
Microsoft Visual Studio Solution File, Format Version 12.00
# Visual Studio Version 17
VisualStudioVersion = 17.10.34928.147
MinimumVisualStudioVersion = 10.0.40219.1
Project("{FAE04EC0-301F-11D3-BF4B-00C04F79EFBC}") = "DepoYonetimSistemi.Web", "DepoYonetimSistemi.Web\DepoYonetimSistemi.Web.csproj", "{F093AA6C-00F4-46D4-B8A6-01F52F3F3D82}"
EndProject
Project("{FAE04EC0-301F-11D3-BF4B-00C04F79EFBC}") = "DepoYonetimSistemi.EntityLayer", "DepoYonetimSistemi.EntityLayer\DepoYonetimSistemi.EntityLayer.csproj", "{FE2ABC2E-CD61-444B-B820-8C73FF441090}"
EndProject
Project("{FAE04EC0-301F-11D3-BF4B-00C04F79EFBC}") = "DepoYonetimSistemi.DataAccessLayer", "DepoYonetimSistemi.DataAccessLayer\DepoYonetimSistemi.DataAccessLayer.csproj", "{33E06386-93DF-4BB6-B41F-375271F74EB8}"
EndProject
Global
	GlobalSection(SolutionConfigurationPlatforms) = preSolution
		Debug|Any CPU = Debug|Any CPU
		Release|Any CPU = Release|Any CPU
	EndGlobalSection
	GlobalSection(ProjectConfigurationPlatforms) = postSolution
		{F093AA6C-00F4-46D4-B8A6-01F52F3F3D82}.Debug|Any CPU.ActiveCfg = Debug|Any CPU
		{F093AA6C-00F4-46D4-B8A6-01F52F3F3D82}.Debug|Any CPU.Build.0 = Debug|Any CPU
		{F093AA6C-00F4-46D4-B8A6-01F52F3F3D82}.Release|Any CPU.ActiveCfg = Release|Any CPU
		{F093AA6C-00F4-46D4-B8A6-01F52F3F3D82}.Release|Any CPU.Build.0 = Release|Any CPU
		{FE2ABC2E-CD61-444B-B820-8C73FF441090}.Debug|Any CPU.ActiveCfg = Debug|Any CPU
		{FE2ABC2E-CD61-444B-B820-8C73FF441090}.Debug|Any CPU.Build.0 = Debug|Any CPU
		{FE2ABC2E-CD61-444B-B820-8C73FF441090}.Release|Any CPU.ActiveCfg = Release|Any CPU
		{FE2ABC2E-CD61-444B-B820-8C73FF441090}.Release|Any CPU.Build.0 = Release|Any CPU
		{33E06386-93DF-4BB6-B41F-375271F74EB8}.Debug|Any CPU.ActiveCfg = Debug|Any CPU
		{33E06386-93DF-4BB6-B41F-375271F74EB8}.Debug|Any CPU.Build.0 = Debug|Any CPU
		{33E06386-93DF-4BB6-B41F-375271F74EB8}.Release|Any CPU.ActiveCfg = Release|Any CPU
		{33E06386-93DF-4BB6-B41F-375271F74EB8}.Release|Any CPU.Build.0 = Release|Any CPU
	EndGlobalSection
	GlobalSection(SolutionProperties) = preSolution
		HideSolutionNode = FALSE
	EndGlobalSection
	GlobalSection(ExtensibilityGlobals) = postSolution
		SolutionGuid = {6F487FCF-5096-426B-BC98-02A506455D62}
	EndGlobalSection
EndGlobal
